PODS:
  - Nimble (3.2.0)
  - Nocilla (0.10.0)
  - Result (2.0.0)
  - SwiftyJSON (2.3.2)

DEPENDENCIES:
  - Nimble
  - Nocilla
  - Result
  - SwiftyJSON

SPEC CHECKSUMS:
  Nimble: 703854335d181df169bbca9c97117b5cf8c47c1d
  Nocilla: ae0a2b05f3087b473624ac2b25903695df51246a
  Result: 9e75e1111c774c6ac594e14907b15057053a7959
  SwiftyJSON: 04ccea08915aa0109039157c7974cf0298da292a

COCOAPODS: 0.39.0
