// !$*UTF8*$!
{
	archiveVersion = 1;
	classes = {
	};
	objectVersion = 46;
	objects = {

/* Begin PBXBuildFile section */
		4779333CC21F31CE4B600F67 /* Pods_BothamNetworkingTests.framework in Frameworks */ = {isa = PBXBuildFile; fileRef = 1F772FB0D4A30ADAB37A46F0 /* Pods_BothamNetworkingTests.framework */; };
		6B29E71D1C37048000427CA4 /* CaseInsensitiveDictionary.swift in Sources */ = {isa = PBXBuildFile; fileRef = 6B29E71C1C37048000427CA4 /* CaseInsensitiveDictionary.swift */; };
		6B7BCEFE1C35402400147FBD /* BasicAuthentication.swift in Sources */ = {isa = PBXBuildFile; fileRef = 6B7BCEFD1C35402400147FBD /* BasicAuthentication.swift */; };
		6B7BCF001C35538F00147FBD /* BasicAuthenticationTests.swift in Sources */ = {isa = PBXBuildFile; fileRef = 6B7BCEFF1C35538F00147FBD /* BasicAuthenticationTests.swift */; };
		6B7BCF021C355BE500147FBD /* BothamNetworkingTestCase.swift in Sources */ = {isa = PBXBuildFile; fileRef = 6B7BCF011C355BE500147FBD /* BothamNetworkingTestCase.swift */; };
		6BC01CF11C6E4BE800D08E72 /* BothamNetworking.framework in Frameworks */ = {isa = PBXBuildFile; fileRef = 6BC01CE71C6E4BE700D08E72 /* BothamNetworking.framework */; };
		6BC01CFE1C6E4C4100D08E72 /* BasicAuthentication.swift in Sources */ = {isa = PBXBuildFile; fileRef = 6B7BCEFD1C35402400147FBD /* BasicAuthentication.swift */; };
		6BC01CFF1C6E4C4100D08E72 /* BothamAPIClient.swift in Sources */ = {isa = PBXBuildFile; fileRef = EBACCC6A1BFF76B000F1CD7F /* BothamAPIClient.swift */; };
		6BC01D001C6E4C4100D08E72 /* Dictionary.swift in Sources */ = {isa = PBXBuildFile; fileRef = EB5BD51D1C328AEA00C02CDA /* Dictionary.swift */; };
		6BC01D011C6E4C4100D08E72 /* CaseInsensitiveDictionary.swift in Sources */ = {isa = PBXBuildFile; fileRef = 6B29E71C1C37048000427CA4 /* CaseInsensitiveDictionary.swift */; };
		6BC01D021C6E4C4100D08E72 /* ResultType.swift in Sources */ = {isa = PBXBuildFile; fileRef = EBE2C3B81C3EB3F10096A24C /* ResultType.swift */; };
		6BC01D031C6E4C4100D08E72 /* HTTPEncoder.swift in Sources */ = {isa = PBXBuildFile; fileRef = EB355DC71C33FD80003411DA /* HTTPEncoder.swift */; };
		6BC01D041C6E4C4100D08E72 /* HTTPClient.swift in Sources */ = {isa = PBXBuildFile; fileRef = EBACCC621BFF72B300F1CD7F /* HTTPClient.swift */; };
		6BC01D051C6E4C4100D08E72 /* HTTPMethod.swift in Sources */ = {isa = PBXBuildFile; fileRef = EBACCC661BFF735600F1CD7F /* HTTPMethod.swift */; };
		6BC01D061C6E4C4100D08E72 /* HTTPRequest.swift in Sources */ = {isa = PBXBuildFile; fileRef = EBACCC641BFF734800F1CD7F /* HTTPRequest.swift */; };
		6BC01D071C6E4C4100D08E72 /* HTTPResponse.swift in Sources */ = {isa = PBXBuildFile; fileRef = EBACCC681BFF737100F1CD7F /* HTTPResponse.swift */; };
		6BC01D081C6E4C4100D08E72 /* NSHTTPClient.swift in Sources */ = {isa = PBXBuildFile; fileRef = EBF359341BFF897500AD47C4 /* NSHTTPClient.swift */; };
		6BC01D091C6E4C4100D08E72 /* BothamRequestInterceptor.swift in Sources */ = {isa = PBXBuildFile; fileRef = EB5BD5171C31A00800C02CDA /* BothamRequestInterceptor.swift */; };
		6BC01D0A1C6E4C4100D08E72 /* BothamResponseInterceptor.swift in Sources */ = {isa = PBXBuildFile; fileRef = EB5BD5231C32A10A00C02CDA /* BothamResponseInterceptor.swift */; };
		6BC01D0B1C6E4C4100D08E72 /* NSLogInterceptor.swift in Sources */ = {isa = PBXBuildFile; fileRef = EB3973181C3A671000AF37CD /* NSLogInterceptor.swift */; };
		6BC01D0C1C6E4C4100D08E72 /* JSONHeadersRequestInterceptor.swift in Sources */ = {isa = PBXBuildFile; fileRef = EB90F5F11C47B77A00DA5E3C /* JSONHeadersRequestInterceptor.swift */; };
		6BC01D0D1C6E4C4100D08E72 /* BothamAPIClientError.swift in Sources */ = {isa = PBXBuildFile; fileRef = EBF359411C0310DE00AD47C4 /* BothamAPIClientError.swift */; };
		6BC01D0E1C6E4CD100D08E72 /* BothamNetworkingTestCase.swift in Sources */ = {isa = PBXBuildFile; fileRef = 6B7BCF011C355BE500147FBD /* BothamNetworkingTestCase.swift */; };
		6BC01D0F1C6E4CD100D08E72 /* BothamAPIClientTests.swift in Sources */ = {isa = PBXBuildFile; fileRef = EBF3593E1C03081200AD47C4 /* BothamAPIClientTests.swift */; };
		6BC01D101C6E4CD100D08E72 /* BasicAuthenticationTests.swift in Sources */ = {isa = PBXBuildFile; fileRef = 6B7BCEFF1C35538F00147FBD /* BasicAuthenticationTests.swift */; };
		6BC01D111C6E4CD100D08E72 /* BothamRetryRequestTests.swift in Sources */ = {isa = PBXBuildFile; fileRef = EB90F5ED1C47982F00DA5E3C /* BothamRetryRequestTests.swift */; };
		6BC01D121C6E4CD100D08E72 /* ResultTypeTests.swift in Sources */ = {isa = PBXBuildFile; fileRef = EBE2C3BB1C3EB4D20096A24C /* ResultTypeTests.swift */; };
		6BC01D131C6E4CD100D08E72 /* BothamAPIClientError.swift in Sources */ = {isa = PBXBuildFile; fileRef = EB196FDC1C47E31C0080EDB9 /* BothamAPIClientError.swift */; };
		6BC01D141C6E4CD100D08E72 /* FutureMatchers.swift in Sources */ = {isa = PBXBuildFile; fileRef = EBF3593C1BFF8F7600AD47C4 /* FutureMatchers.swift */; };
		6BC01D151C6E4CD100D08E72 /* HTTPEncoderTests.swift in Sources */ = {isa = PBXBuildFile; fileRef = EB355DCA1C33FDE4003411DA /* HTTPEncoderTests.swift */; };
		6BC01D161C6E4CD100D08E72 /* NSHTTPClientTests.swift in Sources */ = {isa = PBXBuildFile; fileRef = EBF359371BFF8E7B00AD47C4 /* NSHTTPClientTests.swift */; };
		6BC01D171C6E4CD100D08E72 /* HTTPRequestTests.swift in Sources */ = {isa = PBXBuildFile; fileRef = EB5BD51F1C328BC500C02CDA /* HTTPRequestTests.swift */; };
		6BC01D181C6E4CD100D08E72 /* HTTPResponseTests.swift in Sources */ = {isa = PBXBuildFile; fileRef = EB5BD5211C32A00A00C02CDA /* HTTPResponseTests.swift */; };
		6BC01D191C6E4CD100D08E72 /* SpyRequestInterceptor.swift in Sources */ = {isa = PBXBuildFile; fileRef = EB5BD51A1C31A60500C02CDA /* SpyRequestInterceptor.swift */; };
		6BC01D1A1C6E4CD100D08E72 /* SpyResponseInterceptor.swift in Sources */ = {isa = PBXBuildFile; fileRef = EB5BD5251C32A32A00C02CDA /* SpyResponseInterceptor.swift */; };
		6BC01D1B1C6E4CD100D08E72 /* RetryResponseInterceptor.swift in Sources */ = {isa = PBXBuildFile; fileRef = EB90F5EF1C4798E800DA5E3C /* RetryResponseInterceptor.swift */; };
		6BC01D1C1C6E4CD100D08E72 /* NocillaTestCase.swift in Sources */ = {isa = PBXBuildFile; fileRef = EBF359391BFF8EF700AD47C4 /* NocillaTestCase.swift */; };
		6BC01D3C1C6E5CAF00D08E72 /* BothamNetworkingCocoa.h in Headers */ = {isa = PBXBuildFile; fileRef = 6BC01CE91C6E4BE700D08E72 /* BothamNetworkingCocoa.h */; settings = {ATTRIBUTES = (Public, ); }; };
		8B0E4F16C938493424EEE70E /* Pods_BothamNetworkingCocoaTests.framework in Frameworks */ = {isa = PBXBuildFile; fileRef = 604F064EDDBA7FC270CA7983 /* Pods_BothamNetworkingCocoaTests.framework */; };
		E5545E61DFFC956CEC87027E /* Pods_BothamNetworking.framework in Frameworks */ = {isa = PBXBuildFile; fileRef = 1DFF96FC7D1F052D35A2405E /* Pods_BothamNetworking.framework */; };
		EB196FDD1C47E31C0080EDB9 /* BothamAPIClientError.swift in Sources */ = {isa = PBXBuildFile; fileRef = EB196FDC1C47E31C0080EDB9 /* BothamAPIClientError.swift */; };
		EB355DC81C33FD80003411DA /* HTTPEncoder.swift in Sources */ = {isa = PBXBuildFile; fileRef = EB355DC71C33FD80003411DA /* HTTPEncoder.swift */; };
		EB355DCB1C33FDE4003411DA /* HTTPEncoderTests.swift in Sources */ = {isa = PBXBuildFile; fileRef = EB355DCA1C33FDE4003411DA /* HTTPEncoderTests.swift */; };
		EB3973191C3A671000AF37CD /* NSLogInterceptor.swift in Sources */ = {isa = PBXBuildFile; fileRef = EB3973181C3A671000AF37CD /* NSLogInterceptor.swift */; };
		EB5BD5181C31A00800C02CDA /* BothamRequestInterceptor.swift in Sources */ = {isa = PBXBuildFile; fileRef = EB5BD5171C31A00800C02CDA /* BothamRequestInterceptor.swift */; };
		EB5BD51B1C31A60500C02CDA /* SpyRequestInterceptor.swift in Sources */ = {isa = PBXBuildFile; fileRef = EB5BD51A1C31A60500C02CDA /* SpyRequestInterceptor.swift */; };
		EB5BD51E1C328AEA00C02CDA /* Dictionary.swift in Sources */ = {isa = PBXBuildFile; fileRef = EB5BD51D1C328AEA00C02CDA /* Dictionary.swift */; };
		EB5BD5201C328BC500C02CDA /* HTTPRequestTests.swift in Sources */ = {isa = PBXBuildFile; fileRef = EB5BD51F1C328BC500C02CDA /* HTTPRequestTests.swift */; };
		EB5BD5221C32A00A00C02CDA /* HTTPResponseTests.swift in Sources */ = {isa = PBXBuildFile; fileRef = EB5BD5211C32A00A00C02CDA /* HTTPResponseTests.swift */; };
		EB5BD5241C32A10A00C02CDA /* BothamResponseInterceptor.swift in Sources */ = {isa = PBXBuildFile; fileRef = EB5BD5231C32A10A00C02CDA /* BothamResponseInterceptor.swift */; };
		EB5BD5261C32A32A00C02CDA /* SpyResponseInterceptor.swift in Sources */ = {isa = PBXBuildFile; fileRef = EB5BD5251C32A32A00C02CDA /* SpyResponseInterceptor.swift */; };
		EB8F442F1BFF442F00CC3AA5 /* BothamNetworking.h in Headers */ = {isa = PBXBuildFile; fileRef = EB8F442E1BFF442F00CC3AA5 /* BothamNetworking.h */; settings = {ATTRIBUTES = (Public, ); }; };
		EB90F5EE1C47982F00DA5E3C /* BothamRetryRequestTests.swift in Sources */ = {isa = PBXBuildFile; fileRef = EB90F5ED1C47982F00DA5E3C /* BothamRetryRequestTests.swift */; };
		EB90F5F01C4798E800DA5E3C /* RetryResponseInterceptor.swift in Sources */ = {isa = PBXBuildFile; fileRef = EB90F5EF1C4798E800DA5E3C /* RetryResponseInterceptor.swift */; };
		EB90F5F21C47B77A00DA5E3C /* JSONHeadersRequestInterceptor.swift in Sources */ = {isa = PBXBuildFile; fileRef = EB90F5F11C47B77A00DA5E3C /* JSONHeadersRequestInterceptor.swift */; };
		EBACCC591BFF463700F1CD7F /* BothamNetworking.framework in Frameworks */ = {isa = PBXBuildFile; fileRef = EB8F442B1BFF442F00CC3AA5 /* BothamNetworking.framework */; };
		EBACCC631BFF72B300F1CD7F /* HTTPClient.swift in Sources */ = {isa = PBXBuildFile; fileRef = EBACCC621BFF72B300F1CD7F /* HTTPClient.swift */; };
		EBACCC651BFF734800F1CD7F /* HTTPRequest.swift in Sources */ = {isa = PBXBuildFile; fileRef = EBACCC641BFF734800F1CD7F /* HTTPRequest.swift */; };
		EBACCC671BFF735600F1CD7F /* HTTPMethod.swift in Sources */ = {isa = PBXBuildFile; fileRef = EBACCC661BFF735600F1CD7F /* HTTPMethod.swift */; };
		EBACCC691BFF737100F1CD7F /* HTTPResponse.swift in Sources */ = {isa = PBXBuildFile; fileRef = EBACCC681BFF737100F1CD7F /* HTTPResponse.swift */; };
		EBACCC6B1BFF76B000F1CD7F /* BothamAPIClient.swift in Sources */ = {isa = PBXBuildFile; fileRef = EBACCC6A1BFF76B000F1CD7F /* BothamAPIClient.swift */; };
		EBE2C3B91C3EB3F10096A24C /* ResultType.swift in Sources */ = {isa = PBXBuildFile; fileRef = EBE2C3B81C3EB3F10096A24C /* ResultType.swift */; };
		EBE2C3BC1C3EB4D20096A24C /* ResultTypeTests.swift in Sources */ = {isa = PBXBuildFile; fileRef = EBE2C3BB1C3EB4D20096A24C /* ResultTypeTests.swift */; };
		EBF359351BFF897500AD47C4 /* NSHTTPClient.swift in Sources */ = {isa = PBXBuildFile; fileRef = EBF359341BFF897500AD47C4 /* NSHTTPClient.swift */; };
		EBF359381BFF8E7B00AD47C4 /* NSHTTPClientTests.swift in Sources */ = {isa = PBXBuildFile; fileRef = EBF359371BFF8E7B00AD47C4 /* NSHTTPClientTests.swift */; };
		EBF3593A1BFF8EF700AD47C4 /* NocillaTestCase.swift in Sources */ = {isa = PBXBuildFile; fileRef = EBF359391BFF8EF700AD47C4 /* NocillaTestCase.swift */; };
		EBF3593D1BFF8F7600AD47C4 /* FutureMatchers.swift in Sources */ = {isa = PBXBuildFile; fileRef = EBF3593C1BFF8F7600AD47C4 /* FutureMatchers.swift */; };
		EBF3593F1C03081200AD47C4 /* BothamAPIClientTests.swift in Sources */ = {isa = PBXBuildFile; fileRef = EBF3593E1C03081200AD47C4 /* BothamAPIClientTests.swift */; };
		EBF359421C0310DE00AD47C4 /* BothamAPIClientError.swift in Sources */ = {isa = PBXBuildFile; fileRef = EBF359411C0310DE00AD47C4 /* BothamAPIClientError.swift */; };
/* End PBXBuildFile section */

/* Begin PBXContainerItemProxy section */
		6BC01CF21C6E4BE800D08E72 /* PBXContainerItemProxy */ = {
			isa = PBXContainerItemProxy;
			containerPortal = EB8F44221BFF442F00CC3AA5 /* Project object */;
			proxyType = 1;
			remoteGlobalIDString = 6BC01CE61C6E4BE700D08E72;
			remoteInfo = BothamNetworkingCocoa;
		};
		EBACCC5A1BFF463700F1CD7F /* PBXContainerItemProxy */ = {
			isa = PBXContainerItemProxy;
			containerPortal = EB8F44221BFF442F00CC3AA5 /* Project object */;
			proxyType = 1;
			remoteGlobalIDString = EB8F442A1BFF442F00CC3AA5;
			remoteInfo = BothamNetworking;
		};
/* End PBXContainerItemProxy section */

/* Begin PBXFileReference section */
		04EAF36F4E4A63916E414371 /* Pods-BothamNetworkingTests.release.xcconfig */ = {isa = PBXFileReference; includeInIndex = 1; lastKnownFileType = text.xcconfig; name = "Pods-BothamNetworkingTests.release.xcconfig"; path = "Pods/Target Support Files/Pods-BothamNetworkingTests/Pods-BothamNetworkingTests.release.xcconfig"; sourceTree = "<group>"; };
		05E0C0ED08FE27C18558BB9D /* Pods-BothamNetworkingCocoaTests.debug.xcconfig */ = {isa = PBXFileReference; includeInIndex = 1; lastKnownFileType = text.xcconfig; name = "Pods-BothamNetworkingCocoaTests.debug.xcconfig"; path = "Pods/Target Support Files/Pods-BothamNetworkingCocoaTests/Pods-BothamNetworkingCocoaTests.debug.xcconfig"; sourceTree = "<group>"; };
		1DFF96FC7D1F052D35A2405E /* Pods_BothamNetworking.framework */ = {isa = PBXFileReference; explicitFileType = wrapper.framework; includeInIndex = 0; path = Pods_BothamNetworking.framework; sourceTree = BUILT_PRODUCTS_DIR; };
		1F772FB0D4A30ADAB37A46F0 /* Pods_BothamNetworkingTests.framework */ = {isa = PBXFileReference; explicitFileType = wrapper.framework; includeInIndex = 0; path = Pods_BothamNetworkingTests.framework; sourceTree = BUILT_PRODUCTS_DIR; };
		27D08256BA40B4897399A245 /* Pods-BothamNetworkingCocoaTests.release.xcconfig */ = {isa = PBXFileReference; includeInIndex = 1; lastKnownFileType = text.xcconfig; name = "Pods-BothamNetworkingCocoaTests.release.xcconfig"; path = "Pods/Target Support Files/Pods-BothamNetworkingCocoaTests/Pods-BothamNetworkingCocoaTests.release.xcconfig"; sourceTree = "<group>"; };
		604F064EDDBA7FC270CA7983 /* Pods_BothamNetworkingCocoaTests.framework */ = {isa = PBXFileReference; explicitFileType = wrapper.framework; includeInIndex = 0; path = Pods_BothamNetworkingCocoaTests.framework; sourceTree = BUILT_PRODUCTS_DIR; };
		6B29E71C1C37048000427CA4 /* CaseInsensitiveDictionary.swift */ = {isa = PBXFileReference; fileEncoding = 4; lastKnownFileType = sourcecode.swift; path = CaseInsensitiveDictionary.swift; sourceTree = "<group>"; };
		6B58B9C01C4573DE00C37F02 /* Playground.playground */ = {isa = PBXFileReference; lastKnownFileType = file.playground; name = Playground.playground; path = BothamNetworking/Playground.playground; sourceTree = "<group>"; };
		6B7BCEFD1C35402400147FBD /* BasicAuthentication.swift */ = {isa = PBXFileReference; fileEncoding = 4; lastKnownFileType = sourcecode.swift; path = BasicAuthentication.swift; sourceTree = "<group>"; };
		6B7BCEFF1C35538F00147FBD /* BasicAuthenticationTests.swift */ = {isa = PBXFileReference; fileEncoding = 4; lastKnownFileType = sourcecode.swift; path = BasicAuthenticationTests.swift; sourceTree = "<group>"; };
		6B7BCF011C355BE500147FBD /* BothamNetworkingTestCase.swift */ = {isa = PBXFileReference; fileEncoding = 4; lastKnownFileType = sourcecode.swift; path = BothamNetworkingTestCase.swift; sourceTree = "<group>"; };
		6BC01CE71C6E4BE700D08E72 /* BothamNetworking.framework */ = {isa = PBXFileReference; explicitFileType = wrapper.framework; includeInIndex = 0; path = BothamNetworking.framework; sourceTree = BUILT_PRODUCTS_DIR; };
		6BC01CE91C6E4BE700D08E72 /* BothamNetworkingCocoa.h */ = {isa = PBXFileReference; lastKnownFileType = sourcecode.c.h; path = BothamNetworkingCocoa.h; sourceTree = "<group>"; };
		6BC01CEB1C6E4BE700D08E72 /* Info.plist */ = {isa = PBXFileReference; lastKnownFileType = text.plist.xml; path = Info.plist; sourceTree = "<group>"; };
		6BC01CF01C6E4BE800D08E72 /* BothamNetworkingCocoaTests.xctest */ = {isa = PBXFileReference; explicitFileType = wrapper.cfbundle; includeInIndex = 0; path = BothamNetworkingCocoaTests.xctest; sourceTree = BUILT_PRODUCTS_DIR; };
		6BC01CF71C6E4BE800D08E72 /* Info.plist */ = {isa = PBXFileReference; lastKnownFileType = text.plist.xml; path = Info.plist; sourceTree = "<group>"; };
		6BD616B22278A854005FDC81 /* XCTest.framework */ = {isa = PBXFileReference; lastKnownFileType = wrapper.framework; name = XCTest.framework; path = Platforms/iPhoneOS.platform/Developer/Library/Frameworks/XCTest.framework; sourceTree = DEVELOPER_DIR; };
		72AABE860F7A8830DF0F2775 /* Pods-BothamNetworking.debug.xcconfig */ = {isa = PBXFileReference; includeInIndex = 1; lastKnownFileType = text.xcconfig; name = "Pods-BothamNetworking.debug.xcconfig"; path = "Pods/Target Support Files/Pods-BothamNetworking/Pods-BothamNetworking.debug.xcconfig"; sourceTree = "<group>"; };
		7D41723C7DCE0AD8A2882A32 /* Pods-BothamNetworking.release.xcconfig */ = {isa = PBXFileReference; includeInIndex = 1; lastKnownFileType = text.xcconfig; name = "Pods-BothamNetworking.release.xcconfig"; path = "Pods/Target Support Files/Pods-BothamNetworking/Pods-BothamNetworking.release.xcconfig"; sourceTree = "<group>"; };
		A18346BC8A4CC5BD56E0F20B /* Pods.framework */ = {isa = PBXFileReference; explicitFileType = wrapper.framework; includeInIndex = 0; path = Pods.framework; sourceTree = BUILT_PRODUCTS_DIR; };
		A74138C223874B530D98156E /* Pods-BothamNetworkingTests.debug.xcconfig */ = {isa = PBXFileReference; includeInIndex = 1; lastKnownFileType = text.xcconfig; name = "Pods-BothamNetworkingTests.debug.xcconfig"; path = "Pods/Target Support Files/Pods-BothamNetworkingTests/Pods-BothamNetworkingTests.debug.xcconfig"; sourceTree = "<group>"; };
		EB196FDC1C47E31C0080EDB9 /* BothamAPIClientError.swift */ = {isa = PBXFileReference; fileEncoding = 4; lastKnownFileType = sourcecode.swift; path = BothamAPIClientError.swift; sourceTree = "<group>"; };
		EB355DC71C33FD80003411DA /* HTTPEncoder.swift */ = {isa = PBXFileReference; fileEncoding = 4; lastKnownFileType = sourcecode.swift; path = HTTPEncoder.swift; sourceTree = "<group>"; };
		EB355DCA1C33FDE4003411DA /* HTTPEncoderTests.swift */ = {isa = PBXFileReference; fileEncoding = 4; lastKnownFileType = sourcecode.swift; path = HTTPEncoderTests.swift; sourceTree = "<group>"; };
		EB3973181C3A671000AF37CD /* NSLogInterceptor.swift */ = {isa = PBXFileReference; fileEncoding = 4; lastKnownFileType = sourcecode.swift; path = NSLogInterceptor.swift; sourceTree = "<group>"; };
		EB5BD5171C31A00800C02CDA /* BothamRequestInterceptor.swift */ = {isa = PBXFileReference; fileEncoding = 4; lastKnownFileType = sourcecode.swift; path = BothamRequestInterceptor.swift; sourceTree = "<group>"; };
		EB5BD51A1C31A60500C02CDA /* SpyRequestInterceptor.swift */ = {isa = PBXFileReference; fileEncoding = 4; lastKnownFileType = sourcecode.swift; path = SpyRequestInterceptor.swift; sourceTree = "<group>"; };
		EB5BD51D1C328AEA00C02CDA /* Dictionary.swift */ = {isa = PBXFileReference; fileEncoding = 4; lastKnownFileType = sourcecode.swift; path = Dictionary.swift; sourceTree = "<group>"; };
		EB5BD51F1C328BC500C02CDA /* HTTPRequestTests.swift */ = {isa = PBXFileReference; fileEncoding = 4; lastKnownFileType = sourcecode.swift; path = HTTPRequestTests.swift; sourceTree = "<group>"; };
		EB5BD5211C32A00A00C02CDA /* HTTPResponseTests.swift */ = {isa = PBXFileReference; fileEncoding = 4; lastKnownFileType = sourcecode.swift; path = HTTPResponseTests.swift; sourceTree = "<group>"; };
		EB5BD5231C32A10A00C02CDA /* BothamResponseInterceptor.swift */ = {isa = PBXFileReference; fileEncoding = 4; lastKnownFileType = sourcecode.swift; path = BothamResponseInterceptor.swift; sourceTree = "<group>"; };
		EB5BD5251C32A32A00C02CDA /* SpyResponseInterceptor.swift */ = {isa = PBXFileReference; fileEncoding = 4; lastKnownFileType = sourcecode.swift; path = SpyResponseInterceptor.swift; sourceTree = "<group>"; };
		EB8F442B1BFF442F00CC3AA5 /* BothamNetworking.framework */ = {isa = PBXFileReference; explicitFileType = wrapper.framework; includeInIndex = 0; path = BothamNetworking.framework; sourceTree = BUILT_PRODUCTS_DIR; };
		EB8F442E1BFF442F00CC3AA5 /* BothamNetworking.h */ = {isa = PBXFileReference; lastKnownFileType = sourcecode.c.h; path = BothamNetworking.h; sourceTree = "<group>"; };
		EB8F44301BFF442F00CC3AA5 /* Info.plist */ = {isa = PBXFileReference; lastKnownFileType = text.plist.xml; path = Info.plist; sourceTree = "<group>"; };
		EB90F5ED1C47982F00DA5E3C /* BothamRetryRequestTests.swift */ = {isa = PBXFileReference; fileEncoding = 4; lastKnownFileType = sourcecode.swift; path = BothamRetryRequestTests.swift; sourceTree = "<group>"; };
		EB90F5EF1C4798E800DA5E3C /* RetryResponseInterceptor.swift */ = {isa = PBXFileReference; fileEncoding = 4; lastKnownFileType = sourcecode.swift; path = RetryResponseInterceptor.swift; sourceTree = "<group>"; };
		EB90F5F11C47B77A00DA5E3C /* JSONHeadersRequestInterceptor.swift */ = {isa = PBXFileReference; fileEncoding = 4; lastKnownFileType = sourcecode.swift; path = JSONHeadersRequestInterceptor.swift; sourceTree = "<group>"; };
		EBACCC541BFF463700F1CD7F /* BothamNetworkingTests.xctest */ = {isa = PBXFileReference; explicitFileType = wrapper.cfbundle; includeInIndex = 0; path = BothamNetworkingTests.xctest; sourceTree = BUILT_PRODUCTS_DIR; };
		EBACCC581BFF463700F1CD7F /* Info.plist */ = {isa = PBXFileReference; lastKnownFileType = text.plist.xml; path = Info.plist; sourceTree = "<group>"; };
		EBACCC621BFF72B300F1CD7F /* HTTPClient.swift */ = {isa = PBXFileReference; fileEncoding = 4; lastKnownFileType = sourcecode.swift; path = HTTPClient.swift; sourceTree = "<group>"; };
		EBACCC641BFF734800F1CD7F /* HTTPRequest.swift */ = {isa = PBXFileReference; fileEncoding = 4; lastKnownFileType = sourcecode.swift; path = HTTPRequest.swift; sourceTree = "<group>"; };
		EBACCC661BFF735600F1CD7F /* HTTPMethod.swift */ = {isa = PBXFileReference; fileEncoding = 4; lastKnownFileType = sourcecode.swift; path = HTTPMethod.swift; sourceTree = "<group>"; };
		EBACCC681BFF737100F1CD7F /* HTTPResponse.swift */ = {isa = PBXFileReference; fileEncoding = 4; lastKnownFileType = sourcecode.swift; path = HTTPResponse.swift; sourceTree = "<group>"; };
		EBACCC6A1BFF76B000F1CD7F /* BothamAPIClient.swift */ = {isa = PBXFileReference; fileEncoding = 4; lastKnownFileType = sourcecode.swift; path = BothamAPIClient.swift; sourceTree = "<group>"; };
		EBE2C3B81C3EB3F10096A24C /* ResultType.swift */ = {isa = PBXFileReference; fileEncoding = 4; lastKnownFileType = sourcecode.swift; path = ResultType.swift; sourceTree = "<group>"; };
		EBE2C3BB1C3EB4D20096A24C /* ResultTypeTests.swift */ = {isa = PBXFileReference; fileEncoding = 4; lastKnownFileType = sourcecode.swift; path = ResultTypeTests.swift; sourceTree = "<group>"; };
		EBF359341BFF897500AD47C4 /* NSHTTPClient.swift */ = {isa = PBXFileReference; fileEncoding = 4; lastKnownFileType = sourcecode.swift; path = NSHTTPClient.swift; sourceTree = "<group>"; };
		EBF359371BFF8E7B00AD47C4 /* NSHTTPClientTests.swift */ = {isa = PBXFileReference; fileEncoding = 4; lastKnownFileType = sourcecode.swift; path = NSHTTPClientTests.swift; sourceTree = "<group>"; };
		EBF359391BFF8EF700AD47C4 /* NocillaTestCase.swift */ = {isa = PBXFileReference; fileEncoding = 4; lastKnownFileType = sourcecode.swift; path = NocillaTestCase.swift; sourceTree = "<group>"; };
		EBF3593C1BFF8F7600AD47C4 /* FutureMatchers.swift */ = {isa = PBXFileReference; fileEncoding = 4; lastKnownFileType = sourcecode.swift; path = FutureMatchers.swift; sourceTree = "<group>"; };
		EBF3593E1C03081200AD47C4 /* BothamAPIClientTests.swift */ = {isa = PBXFileReference; fileEncoding = 4; lastKnownFileType = sourcecode.swift; path = BothamAPIClientTests.swift; sourceTree = "<group>"; };
		EBF359411C0310DE00AD47C4 /* BothamAPIClientError.swift */ = {isa = PBXFileReference; fileEncoding = 4; lastKnownFileType = sourcecode.swift; path = BothamAPIClientError.swift; sourceTree = "<group>"; };
/* End PBXFileReference section */

/* Begin PBXFrameworksBuildPhase section */
		6BC01CE31C6E4BE700D08E72 /* Frameworks */ = {
			isa = PBXFrameworksBuildPhase;
			buildActionMask = 2147483647;
			files = (
			);
			runOnlyForDeploymentPostprocessing = 0;
		};
		6BC01CED1C6E4BE800D08E72 /* Frameworks */ = {
			isa = PBXFrameworksBuildPhase;
			buildActionMask = 2147483647;
			files = (
				6BC01CF11C6E4BE800D08E72 /* BothamNetworking.framework in Frameworks */,
				8B0E4F16C938493424EEE70E /* Pods_BothamNetworkingCocoaTests.framework in Frameworks */,
			);
			runOnlyForDeploymentPostprocessing = 0;
		};
		EB8F44271BFF442F00CC3AA5 /* Frameworks */ = {
			isa = PBXFrameworksBuildPhase;
			buildActionMask = 2147483647;
			files = (
				E5545E61DFFC956CEC87027E /* Pods_BothamNetworking.framework in Frameworks */,
			);
			runOnlyForDeploymentPostprocessing = 0;
		};
		EBACCC511BFF463700F1CD7F /* Frameworks */ = {
			isa = PBXFrameworksBuildPhase;
			buildActionMask = 2147483647;
			files = (
				EBACCC591BFF463700F1CD7F /* BothamNetworking.framework in Frameworks */,
				4779333CC21F31CE4B600F67 /* Pods_BothamNetworkingTests.framework in Frameworks */,
			);
			runOnlyForDeploymentPostprocessing = 0;
		};
/* End PBXFrameworksBuildPhase section */

/* Begin PBXGroup section */
		42E9C22008F67B81279A0BBB /* Frameworks */ = {
			isa = PBXGroup;
			children = (
				6BD616B22278A854005FDC81 /* XCTest.framework */,
				A18346BC8A4CC5BD56E0F20B /* Pods.framework */,
				1DFF96FC7D1F052D35A2405E /* Pods_BothamNetworking.framework */,
				604F064EDDBA7FC270CA7983 /* Pods_BothamNetworkingCocoaTests.framework */,
				1F772FB0D4A30ADAB37A46F0 /* Pods_BothamNetworkingTests.framework */,
			);
			name = Frameworks;
			sourceTree = "<group>";
		};
		68B27BF9B67F679FA20351FF /* Pods */ = {
			isa = PBXGroup;
			children = (
				72AABE860F7A8830DF0F2775 /* Pods-BothamNetworking.debug.xcconfig */,
				7D41723C7DCE0AD8A2882A32 /* Pods-BothamNetworking.release.xcconfig */,
				05E0C0ED08FE27C18558BB9D /* Pods-BothamNetworkingCocoaTests.debug.xcconfig */,
				27D08256BA40B4897399A245 /* Pods-BothamNetworkingCocoaTests.release.xcconfig */,
				A74138C223874B530D98156E /* Pods-BothamNetworkingTests.debug.xcconfig */,
				04EAF36F4E4A63916E414371 /* Pods-BothamNetworkingTests.release.xcconfig */,
			);
			name = Pods;
			sourceTree = "<group>";
		};
		6B7BCEFC1C353FEF00147FBD /* Authentication */ = {
			isa = PBXGroup;
			children = (
				6B7BCEFD1C35402400147FBD /* BasicAuthentication.swift */,
			);
			name = Authentication;
			sourceTree = "<group>";
		};
		6BC01CE81C6E4BE700D08E72 /* BothamNetworkingCocoa */ = {
			isa = PBXGroup;
			children = (
				6BC01CE91C6E4BE700D08E72 /* BothamNetworkingCocoa.h */,
				6BC01CEB1C6E4BE700D08E72 /* Info.plist */,
			);
			path = BothamNetworkingCocoa;
			sourceTree = "<group>";
		};
		6BC01CF41C6E4BE800D08E72 /* BothamNetworkingCocoaTests */ = {
			isa = PBXGroup;
			children = (
				6BC01CF71C6E4BE800D08E72 /* Info.plist */,
			);
			path = BothamNetworkingCocoaTests;
			sourceTree = "<group>";
		};
		EB355DC61C33FD65003411DA /* HTTPEncoder */ = {
			isa = PBXGroup;
			children = (
				EB355DC71C33FD80003411DA /* HTTPEncoder.swift */,
			);
			name = HTTPEncoder;
			sourceTree = "<group>";
		};
		EB355DC91C33FDD2003411DA /* HTTPEncoder */ = {
			isa = PBXGroup;
			children = (
				EB355DCA1C33FDE4003411DA /* HTTPEncoderTests.swift */,
			);
			name = HTTPEncoder;
			sourceTree = "<group>";
		};
		EB5BD5161C319E8200C02CDA /* Interceptor */ = {
			isa = PBXGroup;
			children = (
				EB5BD5171C31A00800C02CDA /* BothamRequestInterceptor.swift */,
				EB5BD5231C32A10A00C02CDA /* BothamResponseInterceptor.swift */,
				EB3973181C3A671000AF37CD /* NSLogInterceptor.swift */,
				EB90F5F11C47B77A00DA5E3C /* JSONHeadersRequestInterceptor.swift */,
			);
			name = Interceptor;
			sourceTree = "<group>";
		};
		EB5BD5191C31A5EA00C02CDA /* Test Doubles */ = {
			isa = PBXGroup;
			children = (
				EB5BD51A1C31A60500C02CDA /* SpyRequestInterceptor.swift */,
				EB5BD5251C32A32A00C02CDA /* SpyResponseInterceptor.swift */,
				EB90F5EF1C4798E800DA5E3C /* RetryResponseInterceptor.swift */,
			);
			name = "Test Doubles";
			sourceTree = "<group>";
		};
		EB5BD51C1C328ADD00C02CDA /* Extensions */ = {
			isa = PBXGroup;
			children = (
				EB5BD51D1C328AEA00C02CDA /* Dictionary.swift */,
				6B29E71C1C37048000427CA4 /* CaseInsensitiveDictionary.swift */,
				EBE2C3B81C3EB3F10096A24C /* ResultType.swift */,
			);
			name = Extensions;
			sourceTree = "<group>";
		};
		EB8F44211BFF442F00CC3AA5 = {
			isa = PBXGroup;
			children = (
				6B58B9C01C4573DE00C37F02 /* Playground.playground */,
				EB8F442D1BFF442F00CC3AA5 /* BothamNetworking */,
				EBACCC551BFF463700F1CD7F /* BothamNetworkingTests */,
				6BC01CE81C6E4BE700D08E72 /* BothamNetworkingCocoa */,
				6BC01CF41C6E4BE800D08E72 /* BothamNetworkingCocoaTests */,
				EB8F442C1BFF442F00CC3AA5 /* Products */,
				42E9C22008F67B81279A0BBB /* Frameworks */,
				68B27BF9B67F679FA20351FF /* Pods */,
			);
			sourceTree = "<group>";
		};
		EB8F442C1BFF442F00CC3AA5 /* Products */ = {
			isa = PBXGroup;
			children = (
				EB8F442B1BFF442F00CC3AA5 /* BothamNetworking.framework */,
				EBACCC541BFF463700F1CD7F /* BothamNetworkingTests.xctest */,
				6BC01CE71C6E4BE700D08E72 /* BothamNetworking.framework */,
				6BC01CF01C6E4BE800D08E72 /* BothamNetworkingCocoaTests.xctest */,
			);
			name = Products;
			sourceTree = "<group>";
		};
		EB8F442D1BFF442F00CC3AA5 /* BothamNetworking */ = {
			isa = PBXGroup;
			children = (
				6B7BCEFC1C353FEF00147FBD /* Authentication */,
				EBACCC6A1BFF76B000F1CD7F /* BothamAPIClient.swift */,
				EB5BD51C1C328ADD00C02CDA /* Extensions */,
				EBACCC611BFF729800F1CD7F /* Http */,
				EB5BD5161C319E8200C02CDA /* Interceptor */,
				EBF359401C0310C500AD47C4 /* Error */,
				EB8F442E1BFF442F00CC3AA5 /* BothamNetworking.h */,
				EB8F44301BFF442F00CC3AA5 /* Info.plist */,
			);
			path = BothamNetworking;
			sourceTree = "<group>";
		};
		EBACCC551BFF463700F1CD7F /* BothamNetworkingTests */ = {
			isa = PBXGroup;
			children = (
				6B7BCF011C355BE500147FBD /* BothamNetworkingTestCase.swift */,
				EBF3593E1C03081200AD47C4 /* BothamAPIClientTests.swift */,
				6B7BCEFF1C35538F00147FBD /* BasicAuthenticationTests.swift */,
				EB90F5ED1C47982F00DA5E3C /* BothamRetryRequestTests.swift */,
				EBE2C3BA1C3EB49C0096A24C /* Extensions */,
				EBF3593B1BFF8F6300AD47C4 /* Matchers */,
				EBF359361BFF8E6500AD47C4 /* Http */,
				EB5BD5191C31A5EA00C02CDA /* Test Doubles */,
				EBACCC581BFF463700F1CD7F /* Info.plist */,
				EBF359391BFF8EF700AD47C4 /* NocillaTestCase.swift */,
			);
			path = BothamNetworkingTests;
			sourceTree = "<group>";
		};
		EBACCC611BFF729800F1CD7F /* Http */ = {
			isa = PBXGroup;
			children = (
				EB355DC61C33FD65003411DA /* HTTPEncoder */,
				EBACCC621BFF72B300F1CD7F /* HTTPClient.swift */,
				EBACCC661BFF735600F1CD7F /* HTTPMethod.swift */,
				EBACCC641BFF734800F1CD7F /* HTTPRequest.swift */,
				EBACCC681BFF737100F1CD7F /* HTTPResponse.swift */,
				EBF359341BFF897500AD47C4 /* NSHTTPClient.swift */,
			);
			name = Http;
			sourceTree = "<group>";
		};
		EBE2C3BA1C3EB49C0096A24C /* Extensions */ = {
			isa = PBXGroup;
			children = (
				EBE2C3BB1C3EB4D20096A24C /* ResultTypeTests.swift */,
				EB196FDC1C47E31C0080EDB9 /* BothamAPIClientError.swift */,
			);
			name = Extensions;
			sourceTree = "<group>";
		};
		EBF359361BFF8E6500AD47C4 /* Http */ = {
			isa = PBXGroup;
			children = (
				EB355DC91C33FDD2003411DA /* HTTPEncoder */,
				EBF359371BFF8E7B00AD47C4 /* NSHTTPClientTests.swift */,
				EB5BD51F1C328BC500C02CDA /* HTTPRequestTests.swift */,
				EB5BD5211C32A00A00C02CDA /* HTTPResponseTests.swift */,
			);
			name = Http;
			sourceTree = "<group>";
		};
		EBF3593B1BFF8F6300AD47C4 /* Matchers */ = {
			isa = PBXGroup;
			children = (
				EBF3593C1BFF8F7600AD47C4 /* FutureMatchers.swift */,
			);
			name = Matchers;
			sourceTree = "<group>";
		};
		EBF359401C0310C500AD47C4 /* Error */ = {
			isa = PBXGroup;
			children = (
				EBF359411C0310DE00AD47C4 /* BothamAPIClientError.swift */,
			);
			name = Error;
			sourceTree = "<group>";
		};
/* End PBXGroup section */

/* Begin PBXHeadersBuildPhase section */
		6BC01CE41C6E4BE700D08E72 /* Headers */ = {
			isa = PBXHeadersBuildPhase;
			buildActionMask = 2147483647;
			files = (
				6BC01D3C1C6E5CAF00D08E72 /* BothamNetworkingCocoa.h in Headers */,
			);
			runOnlyForDeploymentPostprocessing = 0;
		};
		EB8F44281BFF442F00CC3AA5 /* Headers */ = {
			isa = PBXHeadersBuildPhase;
			buildActionMask = 2147483647;
			files = (
				EB8F442F1BFF442F00CC3AA5 /* BothamNetworking.h in Headers */,
			);
			runOnlyForDeploymentPostprocessing = 0;
		};
/* End PBXHeadersBuildPhase section */

/* Begin PBXNativeTarget section */
		6BC01CE61C6E4BE700D08E72 /* BothamNetworkingCocoa */ = {
			isa = PBXNativeTarget;
			buildConfigurationList = 6BC01CFC1C6E4BE800D08E72 /* Build configuration list for PBXNativeTarget "BothamNetworkingCocoa" */;
			buildPhases = (
				6BC01CE21C6E4BE700D08E72 /* Sources */,
				6BC01CE31C6E4BE700D08E72 /* Frameworks */,
				6BC01CE41C6E4BE700D08E72 /* Headers */,
				6BC01CE51C6E4BE700D08E72 /* Resources */,
			);
			buildRules = (
			);
			dependencies = (
			);
			name = BothamNetworkingCocoa;
			productName = BothamNetworkingCocoa;
			productReference = 6BC01CE71C6E4BE700D08E72 /* BothamNetworking.framework */;
			productType = "com.apple.product-type.framework";
		};
		6BC01CEF1C6E4BE800D08E72 /* BothamNetworkingCocoaTests */ = {
			isa = PBXNativeTarget;
			buildConfigurationList = 6BC01CFD1C6E4BE800D08E72 /* Build configuration list for PBXNativeTarget "BothamNetworkingCocoaTests" */;
			buildPhases = (
				B74A0289546E64911FAB767F /* [CP] Check Pods Manifest.lock */,
				6BC01CEC1C6E4BE800D08E72 /* Sources */,
				6BC01CED1C6E4BE800D08E72 /* Frameworks */,
				6BC01CEE1C6E4BE800D08E72 /* Resources */,
				07EF9FD89D43124FAE958B93 /* [CP] Embed Pods Frameworks */,
			);
			buildRules = (
			);
			dependencies = (
				6BC01CF31C6E4BE800D08E72 /* PBXTargetDependency */,
			);
			name = BothamNetworkingCocoaTests;
			productName = BothamNetworkingCocoaTests;
			productReference = 6BC01CF01C6E4BE800D08E72 /* BothamNetworkingCocoaTests.xctest */;
			productType = "com.apple.product-type.bundle.unit-test";
		};
		EB8F442A1BFF442F00CC3AA5 /* BothamNetworking */ = {
			isa = PBXNativeTarget;
			buildConfigurationList = EB8F44331BFF442F00CC3AA5 /* Build configuration list for PBXNativeTarget "BothamNetworking" */;
			buildPhases = (
				1CDBFCBB440376131C4B2858 /* [CP] Check Pods Manifest.lock */,
				EB8F44261BFF442F00CC3AA5 /* Sources */,
				EB8F44271BFF442F00CC3AA5 /* Frameworks */,
				EB8F44281BFF442F00CC3AA5 /* Headers */,
				EB8F44291BFF442F00CC3AA5 /* Resources */,
			);
			buildRules = (
			);
			dependencies = (
			);
			name = BothamNetworking;
			productName = BothamNetworking;
			productReference = EB8F442B1BFF442F00CC3AA5 /* BothamNetworking.framework */;
			productType = "com.apple.product-type.framework";
		};
		EBACCC531BFF463700F1CD7F /* BothamNetworkingTests */ = {
			isa = PBXNativeTarget;
			buildConfigurationList = EBACCC5E1BFF463700F1CD7F /* Build configuration list for PBXNativeTarget "BothamNetworkingTests" */;
			buildPhases = (
				75FB535CEB595086E8FB3F8D /* [CP] Check Pods Manifest.lock */,
				EBACCC501BFF463700F1CD7F /* Sources */,
				EBACCC511BFF463700F1CD7F /* Frameworks */,
				EBACCC521BFF463700F1CD7F /* Resources */,
				44E97C28F7C5B0A6988C8835 /* [CP] Embed Pods Frameworks */,
			);
			buildRules = (
			);
			dependencies = (
				EBACCC5B1BFF463700F1CD7F /* PBXTargetDependency */,
			);
			name = BothamNetworkingTests;
			productName = BothamNetworkingTests;
			productReference = EBACCC541BFF463700F1CD7F /* BothamNetworkingTests.xctest */;
			productType = "com.apple.product-type.bundle.unit-test";
		};
/* End PBXNativeTarget section */

/* Begin PBXProject section */
		EB8F44221BFF442F00CC3AA5 /* Project object */ = {
			isa = PBXProject;
			attributes = {
				LastSwiftUpdateCheck = 0720;
				LastUpgradeCheck = 1010;
				ORGANIZATIONNAME = "GoKarumi S.L.";
				TargetAttributes = {
					6BC01CE61C6E4BE700D08E72 = {
						CreatedOnToolsVersion = 7.2.1;
						LastSwiftMigration = 1010;
					};
					6BC01CEF1C6E4BE800D08E72 = {
						CreatedOnToolsVersion = 7.2.1;
						LastSwiftMigration = 1010;
					};
					EB8F442A1BFF442F00CC3AA5 = {
						CreatedOnToolsVersion = 7.1.1;
						LastSwiftMigration = 1020;
					};
					EBACCC531BFF463700F1CD7F = {
						CreatedOnToolsVersion = 7.1.1;
						LastSwiftMigration = 1020;
					};
				};
			};
			buildConfigurationList = EB8F44251BFF442F00CC3AA5 /* Build configuration list for PBXProject "BothamNetworking" */;
			compatibilityVersion = "Xcode 3.2";
			developmentRegion = English;
			hasScannedForEncodings = 0;
			knownRegions = (
				English,
				en,
			);
			mainGroup = EB8F44211BFF442F00CC3AA5;
			productRefGroup = EB8F442C1BFF442F00CC3AA5 /* Products */;
			projectDirPath = "";
			projectRoot = "";
			targets = (
				EB8F442A1BFF442F00CC3AA5 /* BothamNetworking */,
				EBACCC531BFF463700F1CD7F /* BothamNetworkingTests */,
				6BC01CE61C6E4BE700D08E72 /* BothamNetworkingCocoa */,
				6BC01CEF1C6E4BE800D08E72 /* BothamNetworkingCocoaTests */,
			);
		};
/* End PBXProject section */

/* Begin PBXResourcesBuildPhase section */
		6BC01CE51C6E4BE700D08E72 /* Resources */ = {
			isa = PBXResourcesBuildPhase;
			buildActionMask = 2147483647;
			files = (
			);
			runOnlyForDeploymentPostprocessing = 0;
		};
		6BC01CEE1C6E4BE800D08E72 /* Resources */ = {
			isa = PBXResourcesBuildPhase;
			buildActionMask = 2147483647;
			files = (
			);
			runOnlyForDeploymentPostprocessing = 0;
		};
		EB8F44291BFF442F00CC3AA5 /* Resources */ = {
			isa = PBXResourcesBuildPhase;
			buildActionMask = 2147483647;
			files = (
			);
			runOnlyForDeploymentPostprocessing = 0;
		};
		EBACCC521BFF463700F1CD7F /* Resources */ = {
			isa = PBXResourcesBuildPhase;
			buildActionMask = 2147483647;
			files = (
			);
			runOnlyForDeploymentPostprocessing = 0;
		};
/* End PBXResourcesBuildPhase section */

/* Begin PBXShellScriptBuildPhase section */
		07EF9FD89D43124FAE958B93 /* [CP] Embed Pods Frameworks */ = {
			isa = PBXShellScriptBuildPhase;
			buildActionMask = 2147483647;
			files = (
			);
			inputPaths = (
				"${PODS_ROOT}/Target Support Files/Pods-BothamNetworkingCocoaTests/Pods-BothamNetworkingCocoaTests-frameworks.sh",
				"${BUILT_PRODUCTS_DIR}/Nimble-macOS/Nimble.framework",
				"${BUILT_PRODUCTS_DIR}/OHHTTPStubs-macOS/OHHTTPStubs.framework",
			);
			name = "[CP] Embed Pods Frameworks";
			outputPaths = (
				"${TARGET_BUILD_DIR}/${FRAMEWORKS_FOLDER_PATH}/Nimble.framework",
				"${TARGET_BUILD_DIR}/${FRAMEWORKS_FOLDER_PATH}/OHHTTPStubs.framework",
			);
			runOnlyForDeploymentPostprocessing = 0;
			shellPath = /bin/sh;
			shellScript = "\"${PODS_ROOT}/Target Support Files/Pods-BothamNetworkingCocoaTests/Pods-BothamNetworkingCocoaTests-frameworks.sh\"\n";
			showEnvVarsInLog = 0;
		};
		1CDBFCBB440376131C4B2858 /* [CP] Check Pods Manifest.lock */ = {
			isa = PBXShellScriptBuildPhase;
			buildActionMask = 2147483647;
			files = (
			);
			inputPaths = (
				"${PODS_PODFILE_DIR_PATH}/Podfile.lock",
				"${PODS_ROOT}/Manifest.lock",
			);
			name = "[CP] Check Pods Manifest.lock";
			outputPaths = (
				"$(DERIVED_FILE_DIR)/Pods-BothamNetworking-checkManifestLockResult.txt",
			);
			runOnlyForDeploymentPostprocessing = 0;
			shellPath = /bin/sh;
			shellScript = "diff \"${PODS_PODFILE_DIR_PATH}/Podfile.lock\" \"${PODS_ROOT}/Manifest.lock\" > /dev/null\nif [ $? != 0 ] ; then\n    # print error to STDERR\n    echo \"error: The sandbox is not in sync with the Podfile.lock. Run 'pod install' or update your CocoaPods installation.\" >&2\n    exit 1\nfi\n# This output is used by Xcode 'outputs' to avoid re-running this script phase.\necho \"SUCCESS\" > \"${SCRIPT_OUTPUT_FILE_0}\"\n";
			showEnvVarsInLog = 0;
		};
		44E97C28F7C5B0A6988C8835 /* [CP] Embed Pods Frameworks */ = {
			isa = PBXShellScriptBuildPhase;
			buildActionMask = 2147483647;
			files = (
			);
			inputPaths = (
				"${PODS_ROOT}/Target Support Files/Pods-BothamNetworkingTests/Pods-BothamNetworkingTests-frameworks.sh",
				"${BUILT_PRODUCTS_DIR}/Nimble-iOS/Nimble.framework",
				"${BUILT_PRODUCTS_DIR}/OHHTTPStubs-iOS/OHHTTPStubs.framework",
			);
			name = "[CP] Embed Pods Frameworks";
			outputPaths = (
				"${TARGET_BUILD_DIR}/${FRAMEWORKS_FOLDER_PATH}/Nimble.framework",
				"${TARGET_BUILD_DIR}/${FRAMEWORKS_FOLDER_PATH}/OHHTTPStubs.framework",
			);
			runOnlyForDeploymentPostprocessing = 0;
			shellPath = /bin/sh;
			shellScript = "\"${PODS_ROOT}/Target Support Files/Pods-BothamNetworkingTests/Pods-BothamNetworkingTests-frameworks.sh\"\n";
			showEnvVarsInLog = 0;
		};
		75FB535CEB595086E8FB3F8D /* [CP] Check Pods Manifest.lock */ = {
			isa = PBXShellScriptBuildPhase;
			buildActionMask = 2147483647;
			files = (
			);
			inputPaths = (
				"${PODS_PODFILE_DIR_PATH}/Podfile.lock",
				"${PODS_ROOT}/Manifest.lock",
			);
			name = "[CP] Check Pods Manifest.lock";
			outputPaths = (
				"$(DERIVED_FILE_DIR)/Pods-BothamNetworkingTests-checkManifestLockResult.txt",
			);
			runOnlyForDeploymentPostprocessing = 0;
			shellPath = /bin/sh;
			shellScript = "diff \"${PODS_PODFILE_DIR_PATH}/Podfile.lock\" \"${PODS_ROOT}/Manifest.lock\" > /dev/null\nif [ $? != 0 ] ; then\n    # print error to STDERR\n    echo \"error: The sandbox is not in sync with the Podfile.lock. Run 'pod install' or update your CocoaPods installation.\" >&2\n    exit 1\nfi\n# This output is used by Xcode 'outputs' to avoid re-running this script phase.\necho \"SUCCESS\" > \"${SCRIPT_OUTPUT_FILE_0}\"\n";
			showEnvVarsInLog = 0;
		};
		B74A0289546E64911FAB767F /* [CP] Check Pods Manifest.lock */ = {
			isa = PBXShellScriptBuildPhase;
			buildActionMask = 2147483647;
			files = (
			);
			inputPaths = (
				"${PODS_PODFILE_DIR_PATH}/Podfile.lock",
				"${PODS_ROOT}/Manifest.lock",
			);
			name = "[CP] Check Pods Manifest.lock";
			outputPaths = (
				"$(DERIVED_FILE_DIR)/Pods-BothamNetworkingCocoaTests-checkManifestLockResult.txt",
			);
			runOnlyForDeploymentPostprocessing = 0;
			shellPath = /bin/sh;
			shellScript = "diff \"${PODS_PODFILE_DIR_PATH}/Podfile.lock\" \"${PODS_ROOT}/Manifest.lock\" > /dev/null\nif [ $? != 0 ] ; then\n    # print error to STDERR\n    echo \"error: The sandbox is not in sync with the Podfile.lock. Run 'pod install' or update your CocoaPods installation.\" >&2\n    exit 1\nfi\n# This output is used by Xcode 'outputs' to avoid re-running this script phase.\necho \"SUCCESS\" > \"${SCRIPT_OUTPUT_FILE_0}\"\n";
			showEnvVarsInLog = 0;
		};
/* End PBXShellScriptBuildPhase section */

/* Begin PBXSourcesBuildPhase section */
		6BC01CE21C6E4BE700D08E72 /* Sources */ = {
			isa = PBXSourcesBuildPhase;
			buildActionMask = 2147483647;
			files = (
				6BC01CFE1C6E4C4100D08E72 /* BasicAuthentication.swift in Sources */,
				6BC01CFF1C6E4C4100D08E72 /* BothamAPIClient.swift in Sources */,
				6BC01D001C6E4C4100D08E72 /* Dictionary.swift in Sources */,
				6BC01D011C6E4C4100D08E72 /* CaseInsensitiveDictionary.swift in Sources */,
				6BC01D021C6E4C4100D08E72 /* ResultType.swift in Sources */,
				6BC01D031C6E4C4100D08E72 /* HTTPEncoder.swift in Sources */,
				6BC01D041C6E4C4100D08E72 /* HTTPClient.swift in Sources */,
				6BC01D051C6E4C4100D08E72 /* HTTPMethod.swift in Sources */,
				6BC01D061C6E4C4100D08E72 /* HTTPRequest.swift in Sources */,
				6BC01D071C6E4C4100D08E72 /* HTTPResponse.swift in Sources */,
				6BC01D081C6E4C4100D08E72 /* NSHTTPClient.swift in Sources */,
				6BC01D091C6E4C4100D08E72 /* BothamRequestInterceptor.swift in Sources */,
				6BC01D0A1C6E4C4100D08E72 /* BothamResponseInterceptor.swift in Sources */,
				6BC01D0B1C6E4C4100D08E72 /* NSLogInterceptor.swift in Sources */,
				6BC01D0C1C6E4C4100D08E72 /* JSONHeadersRequestInterceptor.swift in Sources */,
				6BC01D0D1C6E4C4100D08E72 /* BothamAPIClientError.swift in Sources */,
			);
			runOnlyForDeploymentPostprocessing = 0;
		};
		6BC01CEC1C6E4BE800D08E72 /* Sources */ = {
			isa = PBXSourcesBuildPhase;
			buildActionMask = 2147483647;
			files = (
				6BC01D0E1C6E4CD100D08E72 /* BothamNetworkingTestCase.swift in Sources */,
				6BC01D0F1C6E4CD100D08E72 /* BothamAPIClientTests.swift in Sources */,
				6BC01D101C6E4CD100D08E72 /* BasicAuthenticationTests.swift in Sources */,
				6BC01D111C6E4CD100D08E72 /* BothamRetryRequestTests.swift in Sources */,
				6BC01D121C6E4CD100D08E72 /* ResultTypeTests.swift in Sources */,
				6BC01D131C6E4CD100D08E72 /* BothamAPIClientError.swift in Sources */,
				6BC01D141C6E4CD100D08E72 /* FutureMatchers.swift in Sources */,
				6BC01D151C6E4CD100D08E72 /* HTTPEncoderTests.swift in Sources */,
				6BC01D161C6E4CD100D08E72 /* NSHTTPClientTests.swift in Sources */,
				6BC01D171C6E4CD100D08E72 /* HTTPRequestTests.swift in Sources */,
				6BC01D181C6E4CD100D08E72 /* HTTPResponseTests.swift in Sources */,
				6BC01D191C6E4CD100D08E72 /* SpyRequestInterceptor.swift in Sources */,
				6BC01D1A1C6E4CD100D08E72 /* SpyResponseInterceptor.swift in Sources */,
				6BC01D1B1C6E4CD100D08E72 /* RetryResponseInterceptor.swift in Sources */,
				6BC01D1C1C6E4CD100D08E72 /* NocillaTestCase.swift in Sources */,
			);
			runOnlyForDeploymentPostprocessing = 0;
		};
		EB8F44261BFF442F00CC3AA5 /* Sources */ = {
			isa = PBXSourcesBuildPhase;
			buildActionMask = 2147483647;
			files = (
				EBACCC691BFF737100F1CD7F /* HTTPResponse.swift in Sources */,
				EBACCC631BFF72B300F1CD7F /* HTTPClient.swift in Sources */,
				EBACCC651BFF734800F1CD7F /* HTTPRequest.swift in Sources */,
				EBF359351BFF897500AD47C4 /* NSHTTPClient.swift in Sources */,
				EB355DC81C33FD80003411DA /* HTTPEncoder.swift in Sources */,
				EB5BD5181C31A00800C02CDA /* BothamRequestInterceptor.swift in Sources */,
				EB3973191C3A671000AF37CD /* NSLogInterceptor.swift in Sources */,
				EB5BD5241C32A10A00C02CDA /* BothamResponseInterceptor.swift in Sources */,
				EB5BD51E1C328AEA00C02CDA /* Dictionary.swift in Sources */,
				6B7BCEFE1C35402400147FBD /* BasicAuthentication.swift in Sources */,
				EBE2C3B91C3EB3F10096A24C /* ResultType.swift in Sources */,
				EBACCC6B1BFF76B000F1CD7F /* BothamAPIClient.swift in Sources */,
				EB90F5F21C47B77A00DA5E3C /* JSONHeadersRequestInterceptor.swift in Sources */,
				6B29E71D1C37048000427CA4 /* CaseInsensitiveDictionary.swift in Sources */,
				EBF359421C0310DE00AD47C4 /* BothamAPIClientError.swift in Sources */,
				EBACCC671BFF735600F1CD7F /* HTTPMethod.swift in Sources */,
			);
			runOnlyForDeploymentPostprocessing = 0;
		};
		EBACCC501BFF463700F1CD7F /* Sources */ = {
			isa = PBXSourcesBuildPhase;
			buildActionMask = 2147483647;
			files = (
				EBF3593F1C03081200AD47C4 /* BothamAPIClientTests.swift in Sources */,
				6B7BCF001C35538F00147FBD /* BasicAuthenticationTests.swift in Sources */,
				6B7BCF021C355BE500147FBD /* BothamNetworkingTestCase.swift in Sources */,
				EB90F5F01C4798E800DA5E3C /* RetryResponseInterceptor.swift in Sources */,
				EB5BD5261C32A32A00C02CDA /* SpyResponseInterceptor.swift in Sources */,
				EB196FDD1C47E31C0080EDB9 /* BothamAPIClientError.swift in Sources */,
				EB90F5EE1C47982F00DA5E3C /* BothamRetryRequestTests.swift in Sources */,
				EBF3593A1BFF8EF700AD47C4 /* NocillaTestCase.swift in Sources */,
				EBF359381BFF8E7B00AD47C4 /* NSHTTPClientTests.swift in Sources */,
				EBF3593D1BFF8F7600AD47C4 /* FutureMatchers.swift in Sources */,
				EB5BD51B1C31A60500C02CDA /* SpyRequestInterceptor.swift in Sources */,
				EBE2C3BC1C3EB4D20096A24C /* ResultTypeTests.swift in Sources */,
				EB355DCB1C33FDE4003411DA /* HTTPEncoderTests.swift in Sources */,
				EB5BD5221C32A00A00C02CDA /* HTTPResponseTests.swift in Sources */,
				EB5BD5201C328BC500C02CDA /* HTTPRequestTests.swift in Sources */,
			);
			runOnlyForDeploymentPostprocessing = 0;
		};
/* End PBXSourcesBuildPhase section */

/* Begin PBXTargetDependency section */
		6BC01CF31C6E4BE800D08E72 /* PBXTargetDependency */ = {
			isa = PBXTargetDependency;
			target = 6BC01CE61C6E4BE700D08E72 /* BothamNetworkingCocoa */;
			targetProxy = 6BC01CF21C6E4BE800D08E72 /* PBXContainerItemProxy */;
		};
		EBACCC5B1BFF463700F1CD7F /* PBXTargetDependency */ = {
			isa = PBXTargetDependency;
			target = EB8F442A1BFF442F00CC3AA5 /* BothamNetworking */;
			targetProxy = EBACCC5A1BFF463700F1CD7F /* PBXContainerItemProxy */;
		};
/* End PBXTargetDependency section */

/* Begin XCBuildConfiguration section */
		6BC01CF81C6E4BE800D08E72 /* Debug */ = {
			isa = XCBuildConfiguration;
			buildSettings = {
				CODE_SIGN_IDENTITY = "";
				COMBINE_HIDPI_IMAGES = YES;
				DEFINES_MODULE = YES;
				DYLIB_COMPATIBILITY_VERSION = 1;
				DYLIB_CURRENT_VERSION = 1;
				DYLIB_INSTALL_NAME_BASE = "@rpath";
				FRAMEWORK_VERSION = A;
				INFOPLIST_FILE = BothamNetworkingCocoa/Info.plist;
				INSTALL_PATH = "$(LOCAL_LIBRARY_DIR)/Frameworks";
				LD_RUNPATH_SEARCH_PATHS = "$(inherited) @executable_path/../Frameworks @loader_path/Frameworks";
				MACOSX_DEPLOYMENT_TARGET = 10.10;
				PRODUCT_BUNDLE_IDENTIFIER = com.karumi.BothamNetworkingCocoa;
				PRODUCT_NAME = BothamNetworking;
				SDKROOT = macosx;
				SKIP_INSTALL = YES;
				SWIFT_VERSION = 4.2;
			};
			name = Debug;
		};
		6BC01CF91C6E4BE800D08E72 /* Release */ = {
			isa = XCBuildConfiguration;
			buildSettings = {
				CODE_SIGN_IDENTITY = "";
				COMBINE_HIDPI_IMAGES = YES;
				DEFINES_MODULE = YES;
				DYLIB_COMPATIBILITY_VERSION = 1;
				DYLIB_CURRENT_VERSION = 1;
				DYLIB_INSTALL_NAME_BASE = "@rpath";
				FRAMEWORK_VERSION = A;
				INFOPLIST_FILE = BothamNetworkingCocoa/Info.plist;
				INSTALL_PATH = "$(LOCAL_LIBRARY_DIR)/Frameworks";
				LD_RUNPATH_SEARCH_PATHS = "$(inherited) @executable_path/../Frameworks @loader_path/Frameworks";
				MACOSX_DEPLOYMENT_TARGET = 10.10;
				PRODUCT_BUNDLE_IDENTIFIER = com.karumi.BothamNetworkingCocoa;
				PRODUCT_NAME = BothamNetworking;
				SDKROOT = macosx;
				SKIP_INSTALL = YES;
				SWIFT_VERSION = 4.2;
			};
			name = Release;
		};
		6BC01CFA1C6E4BE800D08E72 /* Debug */ = {
			isa = XCBuildConfiguration;
			baseConfigurationReference = 05E0C0ED08FE27C18558BB9D /* Pods-BothamNetworkingCocoaTests.debug.xcconfig */;
			buildSettings = {
				CODE_SIGN_IDENTITY = "-";
				COMBINE_HIDPI_IMAGES = YES;
				INFOPLIST_FILE = BothamNetworkingCocoaTests/Info.plist;
				LD_RUNPATH_SEARCH_PATHS = "$(inherited) @executable_path/../Frameworks @loader_path/../Frameworks";
				MACOSX_DEPLOYMENT_TARGET = 10.10;
				PRODUCT_BUNDLE_IDENTIFIER = com.karumi.BothamNetworkingCocoaTests;
				PRODUCT_NAME = "$(TARGET_NAME)";
				SDKROOT = macosx;
				SWIFT_VERSION = 4.2;
			};
			name = Debug;
		};
		6BC01CFB1C6E4BE800D08E72 /* Release */ = {
			isa = XCBuildConfiguration;
			baseConfigurationReference = 27D08256BA40B4897399A245 /* Pods-BothamNetworkingCocoaTests.release.xcconfig */;
			buildSettings = {
				CODE_SIGN_IDENTITY = "-";
				COMBINE_HIDPI_IMAGES = YES;
				INFOPLIST_FILE = BothamNetworkingCocoaTests/Info.plist;
				LD_RUNPATH_SEARCH_PATHS = "$(inherited) @executable_path/../Frameworks @loader_path/../Frameworks";
				MACOSX_DEPLOYMENT_TARGET = 10.10;
				PRODUCT_BUNDLE_IDENTIFIER = com.karumi.BothamNetworkingCocoaTests;
				PRODUCT_NAME = "$(TARGET_NAME)";
				SDKROOT = macosx;
				SWIFT_VERSION = 4.2;
			};
			name = Release;
		};
		EB8F44311BFF442F00CC3AA5 /* Debug */ = {
			isa = XCBuildConfiguration;
			buildSettings = {
				ALWAYS_SEARCH_USER_PATHS = NO;
				CLANG_CXX_LANGUAGE_STANDARD = "gnu++0x";
				CLANG_CXX_LIBRARY = "libc++";
				CLANG_ENABLE_MODULES = YES;
				CLANG_ENABLE_OBJC_ARC = YES;
				CLANG_WARN_BLOCK_CAPTURE_AUTORELEASING = YES;
				CLANG_WARN_BOOL_CONVERSION = YES;
				CLANG_WARN_COMMA = YES;
				CLANG_WARN_CONSTANT_CONVERSION = YES;
				CLANG_WARN_DEPRECATED_OBJC_IMPLEMENTATIONS = YES;
				CLANG_WARN_DIRECT_OBJC_ISA_USAGE = YES_ERROR;
				CLANG_WARN_EMPTY_BODY = YES;
				CLANG_WARN_ENUM_CONVERSION = YES;
				CLANG_WARN_INFINITE_RECURSION = YES;
				CLANG_WARN_INT_CONVERSION = YES;
				CLANG_WARN_NON_LITERAL_NULL_CONVERSION = YES;
				CLANG_WARN_OBJC_IMPLICIT_RETAIN_SELF = YES;
				CLANG_WARN_OBJC_LITERAL_CONVERSION = YES;
				CLANG_WARN_OBJC_ROOT_CLASS = YES_ERROR;
				CLANG_WARN_RANGE_LOOP_ANALYSIS = YES;
				CLANG_WARN_STRICT_PROTOTYPES = YES;
				CLANG_WARN_SUSPICIOUS_MOVE = YES;
				CLANG_WARN_UNREACHABLE_CODE = YES;
				CLANG_WARN__DUPLICATE_METHOD_MATCH = YES;
				"CODE_SIGN_IDENTITY[sdk=iphoneos*]" = "iPhone Developer";
				COPY_PHASE_STRIP = NO;
				CURRENT_PROJECT_VERSION = 1;
				DEBUG_INFORMATION_FORMAT = dwarf;
				ENABLE_STRICT_OBJC_MSGSEND = YES;
				ENABLE_TESTABILITY = YES;
				GCC_C_LANGUAGE_STANDARD = gnu99;
				GCC_DYNAMIC_NO_PIC = NO;
				GCC_NO_COMMON_BLOCKS = YES;
				GCC_OPTIMIZATION_LEVEL = 0;
				GCC_PREPROCESSOR_DEFINITIONS = (
					"DEBUG=1",
					"$(inherited)",
				);
				GCC_WARN_64_TO_32_BIT_CONVERSION = YES;
				GCC_WARN_ABOUT_RETURN_TYPE = YES_ERROR;
				GCC_WARN_UNDECLARED_SELECTOR = YES;
				GCC_WARN_UNINITIALIZED_AUTOS = YES_AGGRESSIVE;
				GCC_WARN_UNUSED_FUNCTION = YES;
				GCC_WARN_UNUSED_VARIABLE = YES;
				IPHONEOS_DEPLOYMENT_TARGET = 8.0;
				MACOSX_DEPLOYMENT_TARGET = 10.10;
				MTL_ENABLE_DEBUG_INFO = YES;
				ONLY_ACTIVE_ARCH = YES;
				SDKROOT = iphoneos;
				SWIFT_OPTIMIZATION_LEVEL = "-Onone";
				SWIFT_VERSION = 4.0;
				TARGETED_DEVICE_FAMILY = "1,2";
				VERSIONING_SYSTEM = "apple-generic";
				VERSION_INFO_PREFIX = "";
			};
			name = Debug;
		};
		EB8F44321BFF442F00CC3AA5 /* Release */ = {
			isa = XCBuildConfiguration;
			buildSettings = {
				ALWAYS_SEARCH_USER_PATHS = NO;
				CLANG_CXX_LANGUAGE_STANDARD = "gnu++0x";
				CLANG_CXX_LIBRARY = "libc++";
				CLANG_ENABLE_MODULES = YES;
				CLANG_ENABLE_OBJC_ARC = YES;
				CLANG_WARN_BLOCK_CAPTURE_AUTORELEASING = YES;
				CLANG_WARN_BOOL_CONVERSION = YES;
				CLANG_WARN_COMMA = YES;
				CLANG_WARN_CONSTANT_CONVERSION = YES;
				CLANG_WARN_DEPRECATED_OBJC_IMPLEMENTATIONS = YES;
				CLANG_WARN_DIRECT_OBJC_ISA_USAGE = YES_ERROR;
				CLANG_WARN_EMPTY_BODY = YES;
				CLANG_WARN_ENUM_CONVERSION = YES;
				CLANG_WARN_INFINITE_RECURSION = YES;
				CLANG_WARN_INT_CONVERSION = YES;
				CLANG_WARN_NON_LITERAL_NULL_CONVERSION = YES;
				CLANG_WARN_OBJC_IMPLICIT_RETAIN_SELF = YES;
				CLANG_WARN_OBJC_LITERAL_CONVERSION = YES;
				CLANG_WARN_OBJC_ROOT_CLASS = YES_ERROR;
				CLANG_WARN_RANGE_LOOP_ANALYSIS = YES;
				CLANG_WARN_STRICT_PROTOTYPES = YES;
				CLANG_WARN_SUSPICIOUS_MOVE = YES;
				CLANG_WARN_UNREACHABLE_CODE = YES;
				CLANG_WARN__DUPLICATE_METHOD_MATCH = YES;
				"CODE_SIGN_IDENTITY[sdk=iphoneos*]" = "iPhone Developer";
				COPY_PHASE_STRIP = NO;
				CURRENT_PROJECT_VERSION = 1;
				DEBUG_INFORMATION_FORMAT = "dwarf-with-dsym";
				ENABLE_NS_ASSERTIONS = NO;
				ENABLE_STRICT_OBJC_MSGSEND = YES;
				GCC_C_LANGUAGE_STANDARD = gnu99;
				GCC_NO_COMMON_BLOCKS = YES;
				GCC_WARN_64_TO_32_BIT_CONVERSION = YES;
				GCC_WARN_ABOUT_RETURN_TYPE = YES_ERROR;
				GCC_WARN_UNDECLARED_SELECTOR = YES;
				GCC_WARN_UNINITIALIZED_AUTOS = YES_AGGRESSIVE;
				GCC_WARN_UNUSED_FUNCTION = YES;
				GCC_WARN_UNUSED_VARIABLE = YES;
				IPHONEOS_DEPLOYMENT_TARGET = 8.0;
				MACOSX_DEPLOYMENT_TARGET = 10.10;
				MTL_ENABLE_DEBUG_INFO = NO;
				SDKROOT = iphoneos;
				SWIFT_OPTIMIZATION_LEVEL = "-Owholemodule";
				SWIFT_VERSION = 4.0;
				TARGETED_DEVICE_FAMILY = "1,2";
				VALIDATE_PRODUCT = YES;
				VERSIONING_SYSTEM = "apple-generic";
				VERSION_INFO_PREFIX = "";
			};
			name = Release;
		};
		EB8F44341BFF442F00CC3AA5 /* Debug */ = {
			isa = XCBuildConfiguration;
			baseConfigurationReference = 72AABE860F7A8830DF0F2775 /* Pods-BothamNetworking.debug.xcconfig */;
			buildSettings = {
				CLANG_ENABLE_MODULES = YES;
				"CODE_SIGN_IDENTITY[sdk=iphoneos*]" = "";
				DEFINES_MODULE = YES;
				DYLIB_COMPATIBILITY_VERSION = 1;
				DYLIB_CURRENT_VERSION = 1;
				DYLIB_INSTALL_NAME_BASE = "@rpath";
				INFOPLIST_FILE = BothamNetworking/Info.plist;
				INSTALL_PATH = "$(LOCAL_LIBRARY_DIR)/Frameworks";
				IPHONEOS_DEPLOYMENT_TARGET = 8.0;
				LD_RUNPATH_SEARCH_PATHS = "$(inherited) @executable_path/Frameworks @loader_path/Frameworks";
				PRODUCT_BUNDLE_IDENTIFIER = com.karumi.bothamnetworking.BothamNetworking;
				PRODUCT_NAME = "$(TARGET_NAME)";
				SKIP_INSTALL = YES;
				SWIFT_OPTIMIZATION_LEVEL = "-Onone";
				SWIFT_VERSION = 5.0;
			};
			name = Debug;
		};
		EB8F44351BFF442F00CC3AA5 /* Release */ = {
			isa = XCBuildConfiguration;
			baseConfigurationReference = 7D41723C7DCE0AD8A2882A32 /* Pods-BothamNetworking.release.xcconfig */;
			buildSettings = {
				CLANG_ENABLE_MODULES = YES;
				"CODE_SIGN_IDENTITY[sdk=iphoneos*]" = "";
				DEFINES_MODULE = YES;
				DYLIB_COMPATIBILITY_VERSION = 1;
				DYLIB_CURRENT_VERSION = 1;
				DYLIB_INSTALL_NAME_BASE = "@rpath";
				INFOPLIST_FILE = BothamNetworking/Info.plist;
				INSTALL_PATH = "$(LOCAL_LIBRARY_DIR)/Frameworks";
				IPHONEOS_DEPLOYMENT_TARGET = 8.0;
				LD_RUNPATH_SEARCH_PATHS = "$(inherited) @executable_path/Frameworks @loader_path/Frameworks";
				PRODUCT_BUNDLE_IDENTIFIER = com.karumi.bothamnetworking.BothamNetworking;
				PRODUCT_NAME = "$(TARGET_NAME)";
				SKIP_INSTALL = YES;
				SWIFT_VERSION = 5.0;
			};
			name = Release;
		};
		EBACCC5C1BFF463700F1CD7F /* Debug */ = {
			isa = XCBuildConfiguration;
			baseConfigurationReference = A74138C223874B530D98156E /* Pods-BothamNetworkingTests.debug.xcconfig */;
			buildSettings = {
				CLANG_ENABLE_MODULES = YES;
				INFOPLIST_FILE = BothamNetworkingTests/Info.plist;
				LD_RUNPATH_SEARCH_PATHS = "$(inherited) @executable_path/Frameworks @loader_path/Frameworks";
				PRODUCT_BUNDLE_IDENTIFIER = com.karumi.bothamnetworking.BothamNetworkingTests;
				PRODUCT_NAME = "$(TARGET_NAME)";
				SWIFT_OPTIMIZATION_LEVEL = "-Onone";
				SWIFT_VERSION = 5.0;
			};
			name = Debug;
		};
		EBACCC5D1BFF463700F1CD7F /* Release */ = {
			isa = XCBuildConfiguration;
			baseConfigurationReference = 04EAF36F4E4A63916E414371 /* Pods-BothamNetworkingTests.release.xcconfig */;
			buildSettings = {
				CLANG_ENABLE_MODULES = YES;
				INFOPLIST_FILE = BothamNetworkingTests/Info.plist;
				LD_RUNPATH_SEARCH_PATHS = "$(inherited) @executable_path/Frameworks @loader_path/Frameworks";
				PRODUCT_BUNDLE_IDENTIFIER = com.karumi.bothamnetworking.BothamNetworkingTests;
				PRODUCT_NAME = "$(TARGET_NAME)";
				SWIFT_VERSION = 5.0;
			};
			name = Release;
		};
/* End XCBuildConfiguration section */

/* Begin XCConfigurationList section */
		6BC01CFC1C6E4BE800D08E72 /* Build configuration list for PBXNativeTarget "BothamNetworkingCocoa" */ = {
			isa = XCConfigurationList;
			buildConfigurations = (
				6BC01CF81C6E4BE800D08E72 /* Debug */,
				6BC01CF91C6E4BE800D08E72 /* Release */,
			);
			defaultConfigurationIsVisible = 0;
			defaultConfigurationName = Release;
		};
		6BC01CFD1C6E4BE800D08E72 /* Build configuration list for PBXNativeTarget "BothamNetworkingCocoaTests" */ = {
			isa = XCConfigurationList;
			buildConfigurations = (
				6BC01CFA1C6E4BE800D08E72 /* Debug */,
				6BC01CFB1C6E4BE800D08E72 /* Release */,
			);
			defaultConfigurationIsVisible = 0;
			defaultConfigurationName = Release;
		};
		EB8F44251BFF442F00CC3AA5 /* Build configuration list for PBXProject "BothamNetworking" */ = {
			isa = XCConfigurationList;
			buildConfigurations = (
				EB8F44311BFF442F00CC3AA5 /* Debug */,
				EB8F44321BFF442F00CC3AA5 /* Release */,
			);
			defaultConfigurationIsVisible = 0;
			defaultConfigurationName = Release;
		};
		EB8F44331BFF442F00CC3AA5 /* Build configuration list for PBXNativeTarget "BothamNetworking" */ = {
			isa = XCConfigurationList;
			buildConfigurations = (
				EB8F44341BFF442F00CC3AA5 /* Debug */,
				EB8F44351BFF442F00CC3AA5 /* Release */,
			);
			defaultConfigurationIsVisible = 0;
			defaultConfigurationName = Release;
		};
		EBACCC5E1BFF463700F1CD7F /* Build configuration list for PBXNativeTarget "BothamNetworkingTests" */ = {
			isa = XCConfigurationList;
			buildConfigurations = (
				EBACCC5C1BFF463700F1CD7F /* Debug */,
				EBACCC5D1BFF463700F1CD7F /* Release */,
			);
			defaultConfigurationIsVisible = 0;
			defaultConfigurationName = Release;
		};
/* End XCConfigurationList section */
	};
	rootObject = EB8F44221BFF442F00CC3AA5 /* Project object */;
}
